# This file is automatically @generated by Cargo.
# It is not intended for manual editing.
version = 4

[[package]]
name = "bitflags"
version = "2.11.0"
source = "registry+https://github.com/rust-lang/crates.io-index"
checksum = "843867be96c8daad0d758b57df9392b6d8d271134fce549de6ce169ff98a92af"

[[package]]
name = "cc"
version = "1.2.56"
source = "registry+https://github.com/rust-lang/crates.io-index"
checksum = "aebf35691d1bfb0ac386a69bac2fde4dd276fb618cf8bf4f5318fe285e821bb2"
dependencies = [
 "find-msvc-tools",
 "shlex",
]

[[package]]
name = "cmake"
version = "0.1.57"
source = "registry+https://github.com/rust-lang/crates.io-index"
checksum = "75443c44cd6b379beb8c5b45d85d0773baf31cce901fe7bb252f4eff3008ef7d"
dependencies = [
 "cc",
]

[[package]]
name = "find-msvc-tools"
version = "0.1.9"
source = "registry+https://github.com/rust-lang/crates.io-index"
checksum = "5baebc0774151f905a1a2cc41989300b1e6fbb29aff0ceffa1064fdd3088d582"

[[package]]
name = "lazy_static"
version = "1.5.0"
source = "registry+https://github.com/rust-lang/crates.io-index"
checksum = "bbd2bcb4c963f2ddae06a2efc7e9f3591312473c50c6685e1f298068316e66fe"

[[package]]
name = "libc"
version = "0.2.182"
source = "registry+https://github.com/rust-lang/crates.io-index"
checksum = "6800badb6cb2082ffd7b6a67e6125bb39f18782f793520caee8cb8846be06112"

[[package]]
name = "rpkg-config"
version = "0.1.2"
source = "registry+https://github.com/rust-lang/crates.io-index"
checksum = "5a2d2f3481209a6b42eec2fbb49063fb4e8d35b57023401495d4fe0f85c817f0"

[[package]]
name = "sdl3"
version = "0.17.3"
source = "registry+https://github.com/rust-lang/crates.io-index"
checksum = "dce0693cede7f7901e968e5539f87174d0fb5fac5d489a3e3be52b2b4a0b49c5"
dependencies = [
 "bitflags",
 "lazy_static",
 "libc",
 "sdl3-image-sys",
 "sdl3-sys",
 "sdl3-ttf-sys",
]

[[package]]
name = "sdl3-image-src"
version = "3.4.0"
source = "registry+https://github.com/rust-lang/crates.io-index"
checksum = "7a9520b8d17e6acb983f3be2042275e7cf573ec473f46db13d5bfa2629eb7572"

[[package]]
name = "sdl3-image-sys"
version = "0.6.1+SDL-image-3.4.0"
source = "registry+https://github.com/rust-lang/crates.io-index"
checksum = "f61a8cc9c72e2cab2e500752f513f65043ff1d36f994b90c7b423abcb796330d"
dependencies = [
 "cmake",
 "rpkg-config",
 "sdl3-image-src",
 "sdl3-sys",
]

[[package]]
name = "sdl3-src"
version = "3.4.2"
source = "registry+https://github.com/rust-lang/crates.io-index"
checksum = "e8cdee3a2e98fa6c01aff481da8b61594b40bf7dbc98fd0356c1e123661da3e7"

[[package]]
name = "sdl3-sys"
version = "0.6.1+SDL-3.4.2"
source = "registry+https://github.com/rust-lang/crates.io-index"
checksum = "1d73fc820b0b6b9bd0557de7b799ec9da1ca4f35fcd1cb42f7ceb85e640d1477"
dependencies = [
 "cc",
 "cmake",
 "rpkg-config",
 "sdl3-src",
]

[[package]]
name = "sdl3-ttf-src"
version = "3.2.3"
source = "registry+https://github.com/rust-lang/crates.io-index"
checksum = "f28923d2ce72ff317d8eb7cec97ddfb8f351c330d7bcbf8c76e91332122c93b3"

[[package]]
name = "sdl3-ttf-sys"
version = "0.6.0+SDL-ttf-3.2.2"
source = "registry+https://github.com/rust-lang/crates.io-index"
checksum = "c30da3dcd7e062f19350b47a532f7629c42801b801687535fd31e8ba2adfd71d"
dependencies = [
 "cmake",
 "rpkg-config",
 "sdl3-sys",
 "sdl3-ttf-src",
]

[[package]]
name = "shlex"
version = "1.3.0"
source = "registry+https://github.com/rust-lang/crates.io-index"
checksum = "0fda2ff0d084019ba4d7c6f371c95d8fd75ce3524c3cb8fb653a3023f6323e64"

[[package]]
name = "trekr"
version = "0.1.0"
dependencies = [
 "sdl3",
]
